// !$*UTF8*$!
{
	archiveVersion = 1;
	classes = {
	};
	objectVersion = 46;
	objects = {

/* Begin PBXBuildFile section */
		46505BAB1EDC1896008605E5 /* main.m in Sources */ = {isa = PBXBuildFile; fileRef = 46505BAA1EDC1896008605E5 /* main.m */; };
		46505BAE1EDC1896008605E5 /* AppDelegate.m in Sources */ = {isa = PBXBuildFile; fileRef = 46505BAD1EDC1896008605E5 /* AppDelegate.m */; };
		46505BB11EDC1896008605E5 /* ViewController.m in Sources */ = {isa = PBXBuildFile; fileRef = 46505BB01EDC1896008605E5 /* ViewController.m */; };
		46505BB41EDC1896008605E5 /* Main.storyboard in Resources */ = {isa = PBXBuildFile; fileRef = 46505BB21EDC1896008605E5 /* Main.storyboard */; };
		46505BB61EDC1896008605E5 /* Assets.xcassets in Resources */ = {isa = PBXBuildFile; fileRef = 46505BB51EDC1896008605E5 /* Assets.xcassets */; };
		46505BB91EDC1896008605E5 /* LaunchScreen.storyboard in Resources */ = {isa = PBXBuildFile; fileRef = 46505BB71EDC1896008605E5 /* LaunchScreen.storyboard */; };
		46505BC41EDC1896008605E5 /* JsonTestTests.m in Sources */ = {isa = PBXBuildFile; fileRef = 46505BC31EDC1896008605E5 /* JsonTestTests.m */; };
		46505BCF1EDC1896008605E5 /* JsonTestUITests.m in Sources */ = {isa = PBXBuildFile; fileRef = 46505BCE1EDC1896008605E5 /* JsonTestUITests.m */; };
		46505BF01EDC1A5E008605E5 /* .gitignore in Resources */ = {isa = PBXBuildFile; fileRef = 46505BDD1EDC1A5E008605E5 /* .gitignore */; };
		46505BF11EDC1A5E008605E5 /* .travis.yml in Resources */ = {isa = PBXBuildFile; fileRef = 46505BDE1EDC1A5E008605E5 /* .travis.yml */; };
		46505BF21EDC1A5E008605E5 /* Config.xcconfig in Resources */ = {isa = PBXBuildFile; fileRef = 46505BDF1EDC1A5E008605E5 /* Config.xcconfig */; };
		46505BF31EDC1A5E008605E5 /* LICENSE in Resources */ = {isa = PBXBuildFile; fileRef = 46505BE01EDC1A5E008605E5 /* LICENSE */; };
		46505BF41EDC1A5E008605E5 /* README.markdown in Sources */ = {isa = PBXBuildFile; fileRef = 46505BE11EDC1A5E008605E5 /* README.markdown */; };
		46505BF51EDC1A5E008605E5 /* CJSONDeserializer.m in Sources */ = {isa = PBXBuildFile; fileRef = 46505BE41EDC1A5E008605E5 /* CJSONDeserializer.m */; };
		46505BF61EDC1A5E008605E5 /* CJSONSerializer.m in Sources */ = {isa = PBXBuildFile; fileRef = 46505BE61EDC1A5E008605E5 /* CJSONSerializer.m */; };
		46505BF71EDC1A5E008605E5 /* NSDictionary_JSONExtensions.m in Sources */ = {isa = PBXBuildFile; fileRef = 46505BE91EDC1A5E008605E5 /* NSDictionary_JSONExtensions.m */; };
		46505C081EDC1AC6008605E5 /* SBJson5Parser.m in Sources */ = {isa = PBXBuildFile; fileRef = 46505BFB1EDC1AC6008605E5 /* SBJson5Parser.m */; };
		46505C091EDC1AC6008605E5 /* SBJson5StreamParser.m in Sources */ = {isa = PBXBuildFile; fileRef = 46505BFD1EDC1AC6008605E5 /* SBJson5StreamParser.m */; };
		46505C0A1EDC1AC6008605E5 /* SBJson5StreamParserState.m in Sources */ = {isa = PBXBuildFile; fileRef = 46505BFF1EDC1AC6008605E5 /* SBJson5StreamParserState.m */; };
		46505C0B1EDC1AC6008605E5 /* SBJson5StreamTokeniser.m in Sources */ = {isa = PBXBuildFile; fileRef = 46505C011EDC1AC6008605E5 /* SBJson5StreamTokeniser.m */; };
		46505C0C1EDC1AC6008605E5 /* SBJson5StreamWriter.m in Sources */ = {isa = PBXBuildFile; fileRef = 46505C031EDC1AC6008605E5 /* SBJson5StreamWriter.m */; };
		46505C0D1EDC1AC6008605E5 /* SBJson5StreamWriterState.m in Sources */ = {isa = PBXBuildFile; fileRef = 46505C051EDC1AC6008605E5 /* SBJson5StreamWriterState.m */; };
		46505C0E1EDC1AC6008605E5 /* SBJson5Writer.m in Sources */ = {isa = PBXBuildFile; fileRef = 46505C071EDC1AC6008605E5 /* SBJson5Writer.m */; };
/* End PBXBuildFile section */

/* Begin PBXContainerItemProxy section */
		46505BC01EDC1896008605E5 /* PBXContainerItemProxy */ = {
			isa = PBXContainerItemProxy;
			containerPortal = 46505B9E1EDC1896008605E5 /* Project object */;
			proxyType = 1;
			remoteGlobalIDString = 46505BA51EDC1896008605E5;
			remoteInfo = JsonTest;
		};
		46505BCB1EDC1896008605E5 /* PBXContainerItemProxy */ = {
			isa = PBXContainerItemProxy;
			containerPortal = 46505B9E1EDC1896008605E5 /* Project object */;
			proxyType = 1;
			remoteGlobalIDString = 46505BA51EDC1896008605E5;
			remoteInfo = JsonTest;
		};
/* End PBXContainerItemProxy section */

/* Begin PBXFileReference section */
		46505BA61EDC1896008605E5 /* JsonTest.app */ = {isa = PBXFileReference; explicitFileType = wrapper.application; includeInIndex = 0; path = JsonTest.app; sourceTree = BUILT_PRODUCTS_DIR; };
		46505BAA1EDC1896008605E5 /* main.m */ = {isa = PBXFileReference; lastKnownFileType = sourcecode.c.objc; path = main.m; sourceTree = "<group>"; };
		46505BAC1EDC1896008605E5 /* AppDelegate.h */ = {isa = PBXFileReference; lastKnownFileType = sourcecode.c.h; path = AppDelegate.h; sourceTree = "<group>"; };
		46505BAD1EDC1896008605E5 /* AppDelegate.m */ = {isa = PBXFileReference; lastKnownFileType = sourcecode.c.objc; path = AppDelegate.m; sourceTree = "<group>"; };
		46505BAF1EDC1896008605E5 /* ViewController.h */ = {isa = PBXFileReference; lastKnownFileType = sourcecode.c.h; path = ViewController.h; sourceTree = "<group>"; };
		46505BB01EDC1896008605E5 /* ViewController.m */ = {isa = PBXFileReference; lastKnownFileType = sourcecode.c.objc; path = ViewController.m; sourceTree = "<group>"; };
		46505BB31EDC1896008605E5 /* Base */ = {isa = PBXFileReference; lastKnownFileType = file.storyboard; name = Base; path = Base.lproj/Main.storyboard; sourceTree = "<group>"; };
		46505BB51EDC1896008605E5 /* Assets.xcassets */ = {isa = PBXFileReference; lastKnownFileType = folder.assetcatalog; path = Assets.xcassets; sourceTree = "<group>"; };
		46505BB81EDC1896008605E5 /* Base */ = {isa = PBXFileReference; lastKnownFileType = file.storyboard; name = Base; path = Base.lproj/LaunchScreen.storyboard; sourceTree = "<group>"; };
		46505BBA1EDC1896008605E5 /* Info.plist */ = {isa = PBXFileReference; lastKnownFileType = text.plist.xml; path = Info.plist; sourceTree = "<group>"; };
		46505BBF1EDC1896008605E5 /* JsonTestTests.xctest */ = {isa = PBXFileReference; explicitFileType = wrapper.cfbundle; includeInIndex = 0; path = JsonTestTests.xctest; sourceTree = BUILT_PRODUCTS_DIR; };
		46505BC31EDC1896008605E5 /* JsonTestTests.m */ = {isa = PBXFileReference; lastKnownFileType = sourcecode.c.objc; path = JsonTestTests.m; sourceTree = "<group>"; };
		46505BC51EDC1896008605E5 /* Info.plist */ = {isa = PBXFileReference; lastKnownFileType = text.plist.xml; path = Info.plist; sourceTree = "<group>"; };
		46505BCA1EDC1896008605E5 /* JsonTestUITests.xctest */ = {isa = PBXFileReference; explicitFileType = wrapper.cfbundle; includeInIndex = 0; path = JsonTestUITests.xctest; sourceTree = BUILT_PRODUCTS_DIR; };
		46505BCE1EDC1896008605E5 /* JsonTestUITests.m */ = {isa = PBXFileReference; lastKnownFileType = sourcecode.c.objc; path = JsonTestUITests.m; sourceTree = "<group>"; };
		46505BD01EDC1896008605E5 /* Info.plist */ = {isa = PBXFileReference; lastKnownFileType = text.plist.xml; path = Info.plist; sourceTree = "<group>"; };
		46505BDD1EDC1A5E008605E5 /* .gitignore */ = {isa = PBXFileReference; fileEncoding = 4; lastKnownFileType = text; path = .gitignore; sourceTree = "<group>"; };
		46505BDE1EDC1A5E008605E5 /* .travis.yml */ = {isa = PBXFileReference; fileEncoding = 4; lastKnownFileType = text; path = .travis.yml; sourceTree = "<group>"; };
		46505BDF1EDC1A5E008605E5 /* Config.xcconfig */ = {isa = PBXFileReference; fileEncoding = 4; lastKnownFileType = text.xcconfig; path = Config.xcconfig; sourceTree = "<group>"; };
		46505BE01EDC1A5E008605E5 /* LICENSE */ = {isa = PBXFileReference; fileEncoding = 4; lastKnownFileType = text; path = LICENSE; sourceTree = "<group>"; };
		46505BE11EDC1A5E008605E5 /* README.markdown */ = {isa = PBXFileReference; fileEncoding = 4; lastKnownFileType = net.daringfireball.markdown; path = README.markdown; sourceTree = "<group>"; };
		46505BE31EDC1A5E008605E5 /* CJSONDeserializer.h */ = {isa = PBXFileReference; fileEncoding = 4; lastKnownFileType = sourcecode.c.h; path = CJSONDeserializer.h; sourceTree = "<group>"; };
		46505BE41EDC1A5E008605E5 /* CJSONDeserializer.m */ = {isa = PBXFileReference; fileEncoding = 4; lastKnownFileType = sourcecode.c.objc; path = CJSONDeserializer.m; sourceTree = "<group>"; };
		46505BE51EDC1A5E008605E5 /* CJSONSerializer.h */ = {isa = PBXFileReference; fileEncoding = 4; lastKnownFileType = sourcecode.c.h; path = CJSONSerializer.h; sourceTree = "<group>"; };
		46505BE61EDC1A5E008605E5 /* CJSONSerializer.m */ = {isa = PBXFileReference; fileEncoding = 4; lastKnownFileType = sourcecode.c.objc; path = CJSONSerializer.m; sourceTree = "<group>"; };
		46505BE71EDC1A5E008605E5 /* JSONRepresentation.h */ = {isa = PBXFileReference; fileEncoding = 4; lastKnownFileType = sourcecode.c.h; path = JSONRepresentation.h; sourceTree = "<group>"; };
		46505BE81EDC1A5E008605E5 /* NSDictionary_JSONExtensions.h */ = {isa = PBXFileReference; fileEncoding = 4; lastKnownFileType = sourcecode.c.h; path = NSDictionary_JSONExtensions.h; sourceTree = "<group>"; };
		46505BE91EDC1A5E008605E5 /* NSDictionary_JSONExtensions.m */ = {isa = PBXFileReference; fileEncoding = 4; lastKnownFileType = sourcecode.c.objc; path = NSDictionary_JSONExtensions.m; sourceTree = "<group>"; };
		46505BF91EDC1AC6008605E5 /* SBJson5.h */ = {isa = PBXFileReference; fileEncoding = 4; lastKnownFileType = sourcecode.c.h; path = SBJson5.h; sourceTree = "<group>"; };
		46505BFA1EDC1AC6008605E5 /* SBJson5Parser.h */ = {isa = PBXFileReference; fileEncoding = 4; lastKnownFileType = sourcecode.c.h; path = SBJson5Parser.h; sourceTree = "<group>"; };
		46505BFB1EDC1AC6008605E5 /* SBJson5Parser.m */ = {isa = PBXFileReference; fileEncoding = 4; lastKnownFileType = sourcecode.c.objc; path = SBJson5Parser.m; sourceTree = "<group>"; };
		46505BFC1EDC1AC6008605E5 /* SBJson5StreamParser.h */ = {isa = PBXFileReference; fileEncoding = 4; lastKnownFileType = sourcecode.c.h; path = SBJson5StreamParser.h; sourceTree = "<group>"; };
		46505BFD1EDC1AC6008605E5 /* SBJson5StreamParser.m */ = {isa = PBXFileReference; fileEncoding = 4; lastKnownFileType = sourcecode.c.objc; path = SBJson5StreamParser.m; sourceTree = "<group>"; };
		46505BFE1EDC1AC6008605E5 /* SBJson5StreamParserState.h */ = {isa = PBXFileReference; fileEncoding = 4; lastKnownFileType = sourcecode.c.h; path = SBJson5StreamParserState.h; sourceTree = "<group>"; };
		46505BFF1EDC1AC6008605E5 /* SBJson5StreamParserState.m */ = {isa = PBXFileReference; fileEncoding = 4; lastKnownFileType = sourcecode.c.objc; path = SBJson5StreamParserState.m; sourceTree = "<group>"; };
		46505C001EDC1AC6008605E5 /* SBJson5StreamTokeniser.h */ = {isa = PBXFileReference; fileEncoding = 4; lastKnownFileType = sourcecode.c.h; path = SBJson5StreamTokeniser.h; sourceTree = "<group>"; };
		46505C011EDC1AC6008605E5 /* SBJson5StreamTokeniser.m */ = {isa = PBXFileReference; fileEncoding = 4; lastKnownFileType = sourcecode.c.objc; path = SBJson5StreamTokeniser.m; sourceTree = "<group>"; };
		46505C021EDC1AC6008605E5 /* SBJson5StreamWriter.h */ = {isa = PBXFileReference; fileEncoding = 4; lastKnownFileType = sourcecode.c.h; path = SBJson5StreamWriter.h; sourceTree = "<group>"; };
		46505C031EDC1AC6008605E5 /* SBJson5StreamWriter.m */ = {isa = PBXFileReference; fileEncoding = 4; lastKnownFileType = sourcecode.c.objc; path = SBJson5StreamWriter.m; sourceTree = "<group>"; };
		46505C041EDC1AC6008605E5 /* SBJson5StreamWriterState.h */ = {isa = PBXFileReference; fileEncoding = 4; lastKnownFileType = sourcecode.c.h; path = SBJson5StreamWriterState.h; sourceTree = "<group>"; };
		46505C051EDC1AC6008605E5 /* SBJson5StreamWriterState.m */ = {isa = PBXFileReference; fileEncoding = 4; lastKnownFileType = sourcecode.c.objc; path = SBJson5StreamWriterState.m; sourceTree = "<group>"; };
		46505C061EDC1AC6008605E5 /* SBJson5Writer.h */ = {isa = PBXFileReference; fileEncoding = 4; lastKnownFileType = sourcecode.c.h; path = SBJson5Writer.h; sourceTree = "<group>"; };
		46505C071EDC1AC6008605E5 /* SBJson5Writer.m */ = {isa = PBXFileReference; fileEncoding = 4; lastKnownFileType = sourcecode.c.objc; path = SBJson5Writer.m; sourceTree = "<group>"; };
/* End PBXFileReference section */

/* Begin PBXFrameworksBuildPhase section */
		46505BA31EDC1896008605E5 /* Frameworks */ = {
			isa = PBXFrameworksBuildPhase;
			buildActionMask = 2147483647;
			files = (
			);
			runOnlyForDeploymentPostprocessing = 0;
		};
		46505BBC1EDC1896008605E5 /* Frameworks */ = {
			isa = PBXFrameworksBuildPhase;
			buildActionMask = 2147483647;
			files = (
			);
			runOnlyForDeploymentPostprocessing = 0;
		};
		46505BC71EDC1896008605E5 /* Frameworks */ = {
			isa = PBXFrameworksBuildPhase;
			buildActionMask = 2147483647;
			files = (
			);
			runOnlyForDeploymentPostprocessing = 0;
		};
/* End PBXFrameworksBuildPhase section */

/* Begin PBXGroup section */
		46505B9D1EDC1896008605E5 = {
			isa = PBXGroup;
			children = (
				46505BA81EDC1896008605E5 /* JsonTest */,
				46505BC21EDC1896008605E5 /* JsonTestTests */,
				46505BCD1EDC1896008605E5 /* JsonTestUITests */,
				46505BA71EDC1896008605E5 /* Products */,
			);
			sourceTree = "<group>";
		};
		46505BA71EDC1896008605E5 /* Products */ = {
			isa = PBXGroup;
			children = (
				46505BA61EDC1896008605E5 /* JsonTest.app */,
				46505BBF1EDC1896008605E5 /* JsonTestTests.xctest */,
				46505BCA1EDC1896008605E5 /* JsonTestUITests.xctest */,
			);
			name = Products;
			sourceTree = "<group>";
		};
		46505BA81EDC1896008605E5 /* JsonTest */ = {
			isa = PBXGroup;
			children = (
				46505BF81EDC1AC6008605E5 /* SBJson5 */,
				46505BDC1EDC1A5E008605E5 /* TouchJSON-master */,
				46505BAC1EDC1896008605E5 /* AppDelegate.h */,
				46505BAD1EDC1896008605E5 /* AppDelegate.m */,
				46505BAF1EDC1896008605E5 /* ViewController.h */,
				46505BB01EDC1896008605E5 /* ViewController.m */,
				46505BB21EDC1896008605E5 /* Main.storyboard */,
				46505BB51EDC1896008605E5 /* Assets.xcassets */,
				46505BB71EDC1896008605E5 /* LaunchScreen.storyboard */,
				46505BBA1EDC1896008605E5 /* Info.plist */,
				46505BA91EDC1896008605E5 /* Supporting Files */,
			);
			path = JsonTest;
			sourceTree = "<group>";
		};
		46505BA91EDC1896008605E5 /* Supporting Files */ = {
			isa = PBXGroup;
			children = (
				46505BAA1EDC1896008605E5 /* main.m */,
			);
			name = "Supporting Files";
			sourceTree = "<group>";
		};
		46505BC21EDC1896008605E5 /* JsonTestTests */ = {
			isa = PBXGroup;
			children = (
				46505BC31EDC1896008605E5 /* JsonTestTests.m */,
				46505BC51EDC1896008605E5 /* Info.plist */,
			);
			path = JsonTestTests;
			sourceTree = "<group>";
		};
		46505BCD1EDC1896008605E5 /* JsonTestUITests */ = {
			isa = PBXGroup;
			children = (
				46505BCE1EDC1896008605E5 /* JsonTestUITests.m */,
				46505BD01EDC1896008605E5 /* Info.plist */,
			);
			path = JsonTestUITests;
			sourceTree = "<group>";
		};
		46505BDC1EDC1A5E008605E5 /* TouchJSON-master */ = {
			isa = PBXGroup;
			children = (
				46505BDD1EDC1A5E008605E5 /* .gitignore */,
				46505BDE1EDC1A5E008605E5 /* .travis.yml */,
				46505BDF1EDC1A5E008605E5 /* Config.xcconfig */,
				46505BE01EDC1A5E008605E5 /* LICENSE */,
				46505BE11EDC1A5E008605E5 /* README.markdown */,
				46505BE21EDC1A5E008605E5 /* Source */,
				46505BEA1EDC1A5E008605E5 /* Support */,
			);
			path = "TouchJSON-master";
			sourceTree = "<group>";
		};
		46505BE21EDC1A5E008605E5 /* Source */ = {
			isa = PBXGroup;
			children = (
				46505BE31EDC1A5E008605E5 /* CJSONDeserializer.h */,
				46505BE41EDC1A5E008605E5 /* CJSONDeserializer.m */,
				46505BE51EDC1A5E008605E5 /* CJSONSerializer.h */,
				46505BE61EDC1A5E008605E5 /* CJSONSerializer.m */,
				46505BE71EDC1A5E008605E5 /* JSONRepresentation.h */,
				46505BE81EDC1A5E008605E5 /* NSDictionary_JSONExtensions.h */,
				46505BE91EDC1A5E008605E5 /* NSDictionary_JSONExtensions.m */,
			);
			path = Source;
			sourceTree = "<group>";
		};
		46505BEA1EDC1A5E008605E5 /* Support */ = {
			isa = PBXGroup;
			children = (
				46505BEB1EDC1A5E008605E5 /* Demo */,
				46505BEC1EDC1A5E008605E5 /* Test Data */,
				46505BED1EDC1A5E008605E5 /* UnitTests */,
			);
			path = Support;
			sourceTree = "<group>";
		};
		46505BEB1EDC1A5E008605E5 /* Demo */ = {
			isa = PBXGroup;
			children = (
			);
			path = Demo;
			sourceTree = "<group>";
		};
		46505BEC1EDC1A5E008605E5 /* Test Data */ = {
			isa = PBXGroup;
			children = (
			);
			path = "Test Data";
			sourceTree = "<group>";
		};
		46505BED1EDC1A5E008605E5 /* UnitTests */ = {
			isa = PBXGroup;
			children = (
				46505BEE1EDC1A5E008605E5 /* TestData */,
			);
			path = UnitTests;
			sourceTree = "<group>";
		};
		46505BEE1EDC1A5E008605E5 /* TestData */ = {
			isa = PBXGroup;
			children = (
				46505BEF1EDC1A5E008605E5 /* JSONChecker */,
			);
			path = TestData;
			sourceTree = "<group>";
		};
		46505BEF1EDC1A5E008605E5 /* JSONChecker */ = {
			isa = PBXGroup;
			children = (
			);
			path = JSONChecker;
			sourceTree = "<group>";
		};
		46505BF81EDC1AC6008605E5 /* SBJson5 */ = {
			isa = PBXGroup;
			children = (
				46505BF91EDC1AC6008605E5 /* SBJson5.h */,
				46505BFA1EDC1AC6008605E5 /* SBJson5Parser.h */,
				46505BFB1EDC1AC6008605E5 /* SBJson5Parser.m */,
				46505BFC1EDC1AC6008605E5 /* SBJson5StreamParser.h */,
				46505BFD1EDC1AC6008605E5 /* SBJson5StreamParser.m */,
				46505BFE1EDC1AC6008605E5 /* SBJson5StreamParserState.h */,
				46505BFF1EDC1AC6008605E5 /* SBJson5StreamParserState.m */,
				46505C001EDC1AC6008605E5 /* SBJson5StreamTokeniser.h */,
				46505C011EDC1AC6008605E5 /* SBJson5StreamTokeniser.m */,
				46505C021EDC1AC6008605E5 /* SBJson5StreamWriter.h */,
				46505C031EDC1AC6008605E5 /* SBJson5StreamWriter.m */,
				46505C041EDC1AC6008605E5 /* SBJson5StreamWriterState.h */,
				46505C051EDC1AC6008605E5 /* SBJson5StreamWriterState.m */,
				46505C061EDC1AC6008605E5 /* SBJson5Writer.h */,
				46505C071EDC1AC6008605E5 /* SBJson5Writer.m */,
			);
			name = SBJson5;
			path = Classes;
			sourceTree = "<group>";
		};
/* End PBXGroup section */

/* Begin PBXNativeTarget section */
		46505BA51EDC1896008605E5 /* JsonTest */ = {
			isa = PBXNativeTarget;
			buildConfigurationList = 46505BD31EDC1896008605E5 /* Build configuration list for PBXNativeTarget "JsonTest" */;
			buildPhases = (
				46505BA21EDC1896008605E5 /* Sources */,
				46505BA31EDC1896008605E5 /* Frameworks */,
				46505BA41EDC1896008605E5 /* Resources */,
			);
			buildRules = (
			);
			dependencies = (
			);
			name = JsonTest;
			productName = JsonTest;
			productReference = 46505BA61EDC1896008605E5 /* JsonTest.app */;
			productType = "com.apple.product-type.application";
		};
		46505BBE1EDC1896008605E5 /* JsonTestTests */ = {
			isa = PBXNativeTarget;
			buildConfigurationList = 46505BD61EDC1896008605E5 /* Build configuration list for PBXNativeTarget "JsonTestTests" */;
			buildPhases = (
				46505BBB1EDC1896008605E5 /* Sources */,
				46505BBC1EDC1896008605E5 /* Frameworks */,
				46505BBD1EDC1896008605E5 /* Resources */,
			);
			buildRules = (
			);
			dependencies = (
				46505BC11EDC1896008605E5 /* PBXTargetDependency */,
			);
			name = JsonTestTests;
			productName = JsonTestTests;
			productReference = 46505BBF1EDC1896008605E5 /* JsonTestTests.xctest */;
			productType = "com.apple.product-type.bundle.unit-test";
		};
		46505BC91EDC1896008605E5 /* JsonTestUITests */ = {
			isa = PBXNativeTarget;
			buildConfigurationList = 46505BD91EDC1896008605E5 /* Build configuration list for PBXNativeTarget "JsonTestUITests" */;
			buildPhases = (
				46505BC61EDC1896008605E5 /* Sources */,
				46505BC71EDC1896008605E5 /* Frameworks */,
				46505BC81EDC1896008605E5 /* Resources */,
			);
			buildRules = (
			);
			dependencies = (
				46505BCC1EDC1896008605E5 /* PBXTargetDependency */,
			);
			name = JsonTestUITests;
			productName = JsonTestUITests;
			productReference = 46505BCA1EDC1896008605E5 /* JsonTestUITests.xctest */;
			productType = "com.apple.product-type.bundle.ui-testing";
		};
/* End PBXNativeTarget section */

/* Begin PBXProject section */
		46505B9E1EDC1896008605E5 /* Project object */ = {
			isa = PBXProject;
			attributes = {
				LastUpgradeCheck = 0830;
				ORGANIZATIONNAME = guodong;
				TargetAttributes = {
					46505BA51EDC1896008605E5 = {
						CreatedOnToolsVersion = 8.3.2;
						ProvisioningStyle = Automatic;
					};
					46505BBE1EDC1896008605E5 = {
						CreatedOnToolsVersion = 8.3.2;
						ProvisioningStyle = Automatic;
						TestTargetID = 46505BA51EDC1896008605E5;
					};
					46505BC91EDC1896008605E5 = {
						CreatedOnToolsVersion = 8.3.2;
						ProvisioningStyle = Automatic;
						TestTargetID = 46505BA51EDC1896008605E5;
					};
				};
			};
			buildConfigurationList = 46505BA11EDC1896008605E5 /* Build configuration list for PBXProject "JsonTest" */;
			compatibilityVersion = "Xcode 3.2";
			developmentRegion = English;
			hasScannedForEncodings = 0;
			knownRegions = (
				en,
				Base,
			);
			mainGroup = 46505B9D1EDC1896008605E5;
			productRefGroup = 46505BA71EDC1896008605E5 /* Products */;
			projectDirPath = "";
			projectRoot = "";
			targets = (
				46505BA51EDC1896008605E5 /* JsonTest */,
				46505BBE1EDC1896008605E5 /* JsonTestTests */,
				46505BC91EDC1896008605E5 /* JsonTestUITests */,
			);
		};
/* End PBXProject section */

/* Begin PBXResourcesBuildPhase section */
		46505BA41EDC1896008605E5 /* Resources */ = {
			isa = PBXResourcesBuildPhase;
			buildActionMask = 2147483647;
			files = (
				46505BF11EDC1A5E008605E5 /* .travis.yml in Resources */,
				46505BF01EDC1A5E008605E5 /* .gitignore in Resources */,
				46505BB91EDC1896008605E5 /* LaunchScreen.storyboard in Resources */,
				46505BF31EDC1A5E008605E5 /* LICENSE in Resources */,
				46505BB61EDC1896008605E5 /* Assets.xcassets in Resources */,
				46505BF21EDC1A5E008605E5 /* Config.xcconfig in Resources */,
				46505BB41EDC1896008605E5 /* Main.storyboard in Resources */,
			);
			runOnlyForDeploymentPostprocessing = 0;
		};
		46505BBD1EDC1896008605E5 /* Resources */ = {
			isa = PBXResourcesBuildPhase;
			buildActionMask = 2147483647;
			files = (
			);
			runOnlyForDeploymentPostprocessing = 0;
		};
		46505BC81EDC1896008605E5 /* Resources */ = {
			isa = PBXResourcesBuildPhase;
			buildActionMask = 2147483647;
			files = (
			);
			runOnlyForDeploymentPostprocessing = 0;
		};
/* End PBXResourcesBuildPhase section */

/* Begin PBXSourcesBuildPhase section */
		46505BA21EDC1896008605E5 /* Sources */ = {
			isa = PBXSourcesBuildPhase;
			buildActionMask = 2147483647;
			files = (
				46505BB11EDC1896008605E5 /* ViewController.m in Sources */,
				46505C0C1EDC1AC6008605E5 /* SBJson5StreamWriter.m in Sources */,
				46505C0A1EDC1AC6008605E5 /* SBJson5StreamParserState.m in Sources */,
				46505C0E1EDC1AC6008605E5 /* SBJson5Writer.m in Sources */,
				46505C091EDC1AC6008605E5 /* SBJson5StreamParser.m in Sources */,
				46505BAE1EDC1896008605E5 /* AppDelegate.m in Sources */,
				46505BF41EDC1A5E008605E5 /* README.markdown in Sources */,
				46505C0B1EDC1AC6008605E5 /* SBJson5StreamTokeniser.m in Sources */,
				46505C0D1EDC1AC6008605E5 /* SBJson5StreamWriterState.m in Sources */,
				46505C081EDC1AC6008605E5 /* SBJson5Parser.m in Sources */,
				46505BF61EDC1A5E008605E5 /* CJSONSerializer.m in Sources */,
				46505BAB1EDC1896008605E5 /* main.m in Sources */,
				46505BF51EDC1A5E008605E5 /* CJSONDeserializer.m in Sources */,
				46505BF71EDC1A5E008605E5 /* NSDictionary_JSONExtensions.m in Sources */,
			);
			runOnlyForDeploymentPostprocessing = 0;
		};
		46505BBB1EDC1896008605E5 /* Sources */ = {
			isa = PBXSourcesBuildPhase;
			buildActionMask = 2147483647;
			files = (
				46505BC41EDC1896008605E5 /* JsonTestTests.m in Sources */,
			);
			runOnlyForDeploymentPostprocessing = 0;
		};
		46505BC61EDC1896008605E5 /* Sources */ = {
			isa = PBXSourcesBuildPhase;
			buildActionMask = 2147483647;
			files = (
				46505BCF1EDC1896008605E5 /* JsonTestUITests.m in Sources */,
			);
			runOnlyForDeploymentPostprocessing = 0;
		};
/* End PBXSourcesBuildPhase section */

/* Begin PBXTargetDependency section */
		46505BC11EDC1896008605E5 /* PBXTargetDependency */ = {
			isa = PBXTargetDependency;
			target = 46505BA51EDC1896008605E5 /* JsonTest */;
			targetProxy = 46505BC01EDC1896008605E5 /* PBXContainerItemProxy */;
		};
		46505BCC1EDC1896008605E5 /* PBXTargetDependency */ = {
			isa = PBXTargetDependency;
			target = 46505BA51EDC1896008605E5 /* JsonTest */;
			targetProxy = 46505BCB1EDC1896008605E5 /* PBXContainerItemProxy */;
		};
/* End PBXTargetDependency section */

/* Begin PBXVariantGroup section */
		46505BB21EDC1896008605E5 /* Main.storyboard */ = {
			isa = PBXVariantGroup;
			children = (
				46505BB31EDC1896008605E5 /* Base */,
			);
			name = Main.storyboard;
			sourceTree = "<group>";
		};
		46505BB71EDC1896008605E5 /* LaunchScreen.storyboard */ = {
			isa = PBXVariantGroup;
			children = (
				46505BB81EDC1896008605E5 /* Base */,
			);
			name = LaunchScreen.storyboard;
			sourceTree = "<group>";
		};
/* End PBXVariantGroup section */

/* Begin XCBuildConfiguration section */
		46505BD11EDC1896008605E5 /* Debug */ = {
			isa = XCBuildConfiguration;
			buildSettings = {
				ALWAYS_SEARCH_USER_PATHS = NO;
				CLANG_ANALYZER_NONNULL = YES;
				CLANG_ANALYZER_NUMBER_OBJECT_CONVERSION = YES_AGGRESSIVE;
				CLANG_CXX_LANGUAGE_STANDARD = "gnu++0x";
				CLANG_CXX_LIBRARY = "libc++";
				CLANG_ENABLE_MODULES = YES;
				CLANG_ENABLE_OBJC_ARC = YES;
				CLANG_WARN_BOOL_CONVERSION = YES;
				CLANG_WARN_CONSTANT_CONVERSION = YES;
				CLANG_WARN_DIRECT_OBJC_ISA_USAGE = YES_ERROR;
				CLANG_WARN_DOCUMENTATION_COMMENTS = YES;
				CLANG_WARN_EMPTY_BODY = YES;
				CLANG_WARN_ENUM_CONVERSION = YES;
				CLANG_WARN_INFINITE_RECURSION = YES;
				CLANG_WARN_INT_CONVERSION = YES;
				CLANG_WARN_OBJC_ROOT_CLASS = YES_ERROR;
				CLANG_WARN_SUSPICIOUS_MOVE = YES;
				CLANG_WARN_UNREACHABLE_CODE = YES;
				CLANG_WARN__DUPLICATE_METHOD_MATCH = YES;
				"CODE_SIGN_IDENTITY[sdk=iphoneos*]" = "iPhone Developer";
				COPY_PHASE_STRIP = NO;
				DEBUG_INFORMATION_FORMAT = dwarf;
				ENABLE_STRICT_OBJC_MSGSEND = YES;
				ENABLE_TESTABILITY = YES;
				GCC_C_LANGUAGE_STANDARD = gnu99;
				GCC_DYNAMIC_NO_PIC = NO;
				GCC_NO_COMMON_BLOCKS = YES;
				GCC_OPTIMIZATION_LEVEL = 0;
				GCC_PREPROCESSOR_DEFINITIONS = (
					"DEBUG=1",
					"$(inherited)",
				);
				GCC_WARN_64_TO_32_BIT_CONVERSION = YES;
				GCC_WARN_ABOUT_RETURN_TYPE = YES_ERROR;
				GCC_WARN_UNDECLARED_SELECTOR = YES;
				GCC_WARN_UNINITIALIZED_AUTOS = YES_AGGRESSIVE;
				GCC_WARN_UNUSED_FUNCTION = YES;
				GCC_WARN_UNUSED_VARIABLE = YES;
				IPHONEOS_DEPLOYMENT_TARGET = 10.3;
				MTL_ENABLE_DEBUG_INFO = YES;
				ONLY_ACTIVE_ARCH = YES;
				SDKROOT = iphoneos;
				TARGETED_DEVICE_FAMILY = "1,2";
			};
			name = Debug;
		};
		46505BD21EDC1896008605E5 /* Release */ = {
			isa = XCBuildConfiguration;
			buildSettings = {
				ALWAYS_SEARCH_USER_PATHS = NO;
				CLANG_ANALYZER_NONNULL = YES;
				CLANG_ANALYZER_NUMBER_OBJECT_CONVERSION = YES_AGGRESSIVE;
				CLANG_CXX_LANGUAGE_STANDARD = "gnu++0x";
				CLANG_CXX_LIBRARY = "libc++";
				CLANG_ENABLE_MODULES = YES;
				CLANG_ENABLE_OBJC_ARC = YES;
				CLANG_WARN_BOOL_CONVERSION = YES;
				CLANG_WARN_CONSTANT_CONVERSION = YES;
				CLANG_WARN_DIRECT_OBJC_ISA_USAGE = YES_ERROR;
				CLANG_WARN_DOCUMENTATION_COMMENTS = YES;
				CLANG_WARN_EMPTY_BODY = YES;
				CLANG_WARN_ENUM_CONVERSION = YES;
				CLANG_WARN_INFINITE_RECURSION = YES;
				CLANG_WARN_INT_CONVERSION = YES;
				CLANG_WARN_OBJC_ROOT_CLASS = YES_ERROR;
				CLANG_WARN_SUSPICIOUS_MOVE = YES;
				CLANG_WARN_UNREACHABLE_CODE = YES;
				CLANG_WARN__DUPLICATE_METHOD_MATCH = YES;
				"CODE_SIGN_IDENTITY[sdk=iphoneos*]" = "iPhone Developer";
				COPY_PHASE_STRIP = NO;
				DEBUG_INFORMATION_FORMAT = "dwarf-with-dsym";
				ENABLE_NS_ASSERTIONS = NO;
				ENABLE_STRICT_OBJC_MSGSEND = YES;
				GCC_C_LANGUAGE_STANDARD = gnu99;
				GCC_NO_COMMON_BLOCKS = YES;
				GCC_WARN_64_TO_32_BIT_CONVERSION = YES;
				GCC_WARN_ABOUT_RETURN_TYPE = YES_ERROR;
				GCC_WARN_UNDECLARED_SELECTOR = YES;
				GCC_WARN_UNINITIALIZED_AUTOS = YES_AGGRESSIVE;
				GCC_WARN_UNUSED_FUNCTION = YES;
				GCC_WARN_UNUSED_VARIABLE = YES;
				IPHONEOS_DEPLOYMENT_TARGET = 10.3;
				MTL_ENABLE_DEBUG_INFO = NO;
				SDKROOT = iphoneos;
				TARGETED_DEVICE_FAMILY = "1,2";
				VALIDATE_PRODUCT = YES;
			};
			name = Release;
		};
		46505BD41EDC1896008605E5 /* Debug */ = {
			isa = XCBuildConfiguration;
			buildSettings = {
				ASSETCATALOG_COMPILER_APPICON_NAME = AppIcon;
				INFOPLIST_FILE = JsonTest/Info.plist;
				LD_RUNPATH_SEARCH_PATHS = "$(inherited) @executable_path/Frameworks";
				PRODUCT_BUNDLE_IDENTIFIER = com.myapp.gogo.JsonTest;
				PRODUCT_NAME = "$(TARGET_NAME)";
			};
			name = Debug;
		};
		46505BD51EDC1896008605E5 /* Release */ = {
			isa = XCBuildConfiguration;
			buildSettings = {
				ASSETCATALOG_COMPILER_APPICON_NAME = AppIcon;
				INFOPLIST_FILE = JsonTest/Info.plist;
				LD_RUNPATH_SEARCH_PATHS = "$(inherited) @executable_path/Frameworks";
				PRODUCT_BUNDLE_IDENTIFIER = com.myapp.gogo.JsonTest;
				PRODUCT_NAME = "$(TARGET_NAME)";
			};
			name = Release;
		};
		46505BD71EDC1896008605E5 /* Debug */ = {
			isa = XCBuildConfiguration;
			buildSettings = {
				BUNDLE_LOADER = "$(TEST_HOST)";
				INFOPLIST_FILE = JsonTestTests/Info.plist;
				LD_RUNPATH_SEARCH_PATHS = "$(inherited) @executable_path/Frameworks @loader_path/Frameworks";
				PRODUCT_BUNDLE_IDENTIFIER = com.myapp.gogo.JsonTestTests;
				PRODUCT_NAME = "$(TARGET_NAME)";
				TEST_HOST = "$(BUILT_PRODUCTS_DIR)/JsonTest.app/JsonTest";
			};
			name = Debug;
		};
		46505BD81EDC1896008605E5 /* Release */ = {
			isa = XCBuildConfiguration;
			buildSettings = {
				BUNDLE_LOADER = "$(TEST_HOST)";
				INFOPLIST_FILE = JsonTestTests/Info.plist;
				LD_RUNPATH_SEARCH_PATHS = "$(inherited) @executable_path/Frameworks @loader_path/Frameworks";
				PRODUCT_BUNDLE_IDENTIFIER = com.myapp.gogo.JsonTestTests;
				PRODUCT_NAME = "$(TARGET_NAME)";
				TEST_HOST = "$(BUILT_PRODUCTS_DIR)/JsonTest.app/JsonTest";
			};
			name = Release;
		};
		46505BDA1EDC1896008605E5 /* Debug */ = {
			isa = XCBuildConfiguration;
			buildSettings = {
				INFOPLIST_FILE = JsonTestUITests/Info.plist;
				LD_RUNPATH_SEARCH_PATHS = "$(inherited) @executable_path/Frameworks @loader_path/Frameworks";
				PRODUCT_BUNDLE_IDENTIFIER = com.myapp.gogo.JsonTestUITests;
				PRODUCT_NAME = "$(TARGET_NAME)";
				TEST_TARGET_NAME = JsonTest;
			};
			name = Debug;
		};
		46505BDB1EDC1896008605E5 /* Release */ = {
			isa = XCBuildConfiguration;
			buildSettings = {
				INFOPLIST_FILE = JsonTestUITests/Info.plist;
				LD_RUNPATH_SEARCH_PATHS = "$(inherited) @executable_path/Frameworks @loader_path/Frameworks";
				PRODUCT_BUNDLE_IDENTIFIER = com.myapp.gogo.JsonTestUITests;
				PRODUCT_NAME = "$(TARGET_NAME)";
				TEST_TARGET_NAME = JsonTest;
			};
			name = Release;
		};
/* End XCBuildConfiguration section */

/* Begin XCConfigurationList section */
		46505BA11EDC1896008605E5 /* Build configuration list for PBXProject "JsonTest" */ = {
			isa = XCConfigurationList;
			buildConfigurations = (
				46505BD11EDC1896008605E5 /* Debug */,
				46505BD21EDC1896008605E5 /* Release */,
			);
			defaultConfigurationIsVisible = 0;
			defaultConfigurationName = Release;
		};
		46505BD31EDC1896008605E5 /* Build configuration list for PBXNativeTarget "JsonTest" */ = {
			isa = XCConfigurationList;
			buildConfigurations = (
				46505BD41EDC1896008605E5 /* Debug */,
				46505BD51EDC1896008605E5 /* Release */,
			);
			defaultConfigurationIsVisible = 0;
			defaultConfigurationName = Release;
		};
		46505BD61EDC1896008605E5 /* Build configuration list for PBXNativeTarget "JsonTestTests" */ = {
			isa = XCConfigurationList;
			buildConfigurations = (
				46505BD71EDC1896008605E5 /* Debug */,
				46505BD81EDC1896008605E5 /* Release */,
			);
			defaultConfigurationIsVisible = 0;
			defaultConfigurationName = Release;
		};
		46505BD91EDC1896008605E5 /* Build configuration list for PBXNativeTarget "JsonTestUITests" */ = {
			isa = XCConfigurationList;
			buildConfigurations = (
				46505BDA1EDC1896008605E5 /* Debug */,
				46505BDB1EDC1896008605E5 /* Release */,
			);
			defaultConfigurationIsVisible = 0;
			defaultConfigurationName = Release;
		};
/* End XCConfigurationList section */
	};
	rootObject = 46505B9E1EDC1896008605E5 /* Project object */;
}
